
Microsoft Visual Studio Solution File, Format Version 12.00
# Visual Studio Version 17
VisualStudioVersion = 17.12.35527.113
MinimumVisualStudioVersion = 10.0.40219.1
Project("{2150E333-8FDC-42A3-9474-1A3956D46DE8}") = "Bootstrapper", "Bootstrapper", "{7B72D6E1-83D3-48CC-91BB-ED047260675A}"
EndProject
Project("{2150E333-8FDC-42A3-9474-1A3956D46DE8}") = "Modules", "Modules", "{C4ABA1A5-E8A8-4784-86BB-2DFC6CDDCFE6}"
EndProject
Project("{2150E333-8FDC-42A3-9474-1A3956D46DE8}") = "Shared", "Shared", "{E081244F-D044-493F-A835-370ADFEDB8A6}"
EndProject
Project("{FAE04EC0-301F-11D3-BF4B-00C04F79EFBC}") = "Api", "Bootstrapper\Api\Api.csproj", "{6F8F19F1-9331-49D2-9F87-BC4170C788C4}"
EndProject
Project("{2150E333-8FDC-42A3-9474-1A3956D46DE8}") = "Catalog", "Catalog", "{0D8FBE4A-7D59-4345-869C-C3BDC4B43521}"
EndProject
Project("{2150E333-8FDC-42A3-9474-1A3956D46DE8}") = "Basket", "Basket", "{AF09EB14-CC3D-4FB5-87BE-74708C7C0B62}"
EndProject
Project("{2150E333-8FDC-42A3-9474-1A3956D46DE8}") = "Ordering", "Ordering", "{FD0EE593-0E2E-490F-8BCB-3308946E5B0B}"
EndProject
Project("{FAE04EC0-301F-11D3-BF4B-00C04F79EFBC}") = "Catalog", "Modules\Catalog\Catalog\Catalog.csproj", "{CF744B44-7E99-4A16-88CA-7F2E2C7BB414}"
EndProject
Project("{FAE04EC0-301F-11D3-BF4B-00C04F79EFBC}") = "Basket", "Modules\Basket\Basket\Basket.csproj", "{587AD137-A648-4CE9-958D-05DC025EEFA3}"
EndProject
Project("{FAE04EC0-301F-11D3-BF4B-00C04F79EFBC}") = "Ordering", "Modules\Ordering\Ordering\Ordering.csproj", "{3AB52E03-2E43-4720-A263-ABF662DB5D0D}"
EndProject
Project("{FAE04EC0-301F-11D3-BF4B-00C04F79EFBC}") = "Shared", "Shared\Shared\Shared.csproj", "{EB08FBB9-DC4F-4AEF-8551-084C36868460}"
EndProject
Global
	GlobalSection(SolutionConfigurationPlatforms) = preSolution
		Debug|Any CPU = Debug|Any CPU
		Release|Any CPU = Release|Any CPU
	EndGlobalSection
	GlobalSection(ProjectConfigurationPlatforms) = postSolution
		{6F8F19F1-9331-49D2-9F87-BC4170C788C4}.Debug|Any CPU.ActiveCfg = Debug|Any CPU
		{6F8F19F1-9331-49D2-9F87-BC4170C788C4}.Debug|Any CPU.Build.0 = Debug|Any CPU
		{6F8F19F1-9331-49D2-9F87-BC4170C788C4}.Release|Any CPU.ActiveCfg = Release|Any CPU
		{6F8F19F1-9331-49D2-9F87-BC4170C788C4}.Release|Any CPU.Build.0 = Release|Any CPU
		{CF744B44-7E99-4A16-88CA-7F2E2C7BB414}.Debug|Any CPU.ActiveCfg = Debug|Any CPU
		{CF744B44-7E99-4A16-88CA-7F2E2C7BB414}.Debug|Any CPU.Build.0 = Debug|Any CPU
		{CF744B44-7E99-4A16-88CA-7F2E2C7BB414}.Release|Any CPU.ActiveCfg = Release|Any CPU
		{CF744B44-7E99-4A16-88CA-7F2E2C7BB414}.Release|Any CPU.Build.0 = Release|Any CPU
		{587AD137-A648-4CE9-958D-05DC025EEFA3}.Debug|Any CPU.ActiveCfg = Debug|Any CPU
		{587AD137-A648-4CE9-958D-05DC025EEFA3}.Debug|Any CPU.Build.0 = Debug|Any CPU
		{587AD137-A648-4CE9-958D-05DC025EEFA3}.Release|Any CPU.ActiveCfg = Release|Any CPU
		{587AD137-A648-4CE9-958D-05DC025EEFA3}.Release|Any CPU.Build.0 = Release|Any CPU
		{3AB52E03-2E43-4720-A263-ABF662DB5D0D}.Debug|Any CPU.ActiveCfg = Debug|Any CPU
		{3AB52E03-2E43-4720-A263-ABF662DB5D0D}.Debug|Any CPU.Build.0 = Debug|Any CPU
		{3AB52E03-2E43-4720-A263-ABF662DB5D0D}.Release|Any CPU.ActiveCfg = Release|Any CPU
		{3AB52E03-2E43-4720-A263-ABF662DB5D0D}.Release|Any CPU.Build.0 = Release|Any CPU
		{EB08FBB9-DC4F-4AEF-8551-084C36868460}.Debug|Any CPU.ActiveCfg = Debug|Any CPU
		{EB08FBB9-DC4F-4AEF-8551-084C36868460}.Debug|Any CPU.Build.0 = Debug|Any CPU
		{EB08FBB9-DC4F-4AEF-8551-084C36868460}.Release|Any CPU.ActiveCfg = Release|Any CPU
		{EB08FBB9-DC4F-4AEF-8551-084C36868460}.Release|Any CPU.Build.0 = Release|Any CPU
	EndGlobalSection
	GlobalSection(SolutionProperties) = preSolution
		HideSolutionNode = FALSE
	EndGlobalSection
	GlobalSection(NestedProjects) = preSolution
		{6F8F19F1-9331-49D2-9F87-BC4170C788C4} = {7B72D6E1-83D3-48CC-91BB-ED047260675A}
		{0D8FBE4A-7D59-4345-869C-C3BDC4B43521} = {C4ABA1A5-E8A8-4784-86BB-2DFC6CDDCFE6}
		{AF09EB14-CC3D-4FB5-87BE-74708C7C0B62} = {C4ABA1A5-E8A8-4784-86BB-2DFC6CDDCFE6}
		{FD0EE593-0E2E-490F-8BCB-3308946E5B0B} = {C4ABA1A5-E8A8-4784-86BB-2DFC6CDDCFE6}
		{CF744B44-7E99-4A16-88CA-7F2E2C7BB414} = {0D8FBE4A-7D59-4345-869C-C3BDC4B43521}
		{587AD137-A648-4CE9-958D-05DC025EEFA3} = {AF09EB14-CC3D-4FB5-87BE-74708C7C0B62}
		{3AB52E03-2E43-4720-A263-ABF662DB5D0D} = {FD0EE593-0E2E-490F-8BCB-3308946E5B0B}
		{EB08FBB9-DC4F-4AEF-8551-084C36868460} = {E081244F-D044-493F-A835-370ADFEDB8A6}
	EndGlobalSection
EndGlobal
