
Microsoft Visual Studio Solution File, Format Version 12.00
# Visual Studio Version 17
VisualStudioVersion = 17.12.35527.113
MinimumVisualStudioVersion = 10.0.40219.1
Project("{2150E333-8FDC-42A3-9474-1A3956D46DE8}") = "Bootstrapper", "Bootstrapper", "{7B72D6E1-83D3-48CC-91BB-ED047260675A}"
EndProject
Project("{2150E333-8FDC-42A3-9474-1A3956D46DE8}") = "Modules", "Modules", "{C4ABA1A5-E8A8-4784-86BB-2DFC6CDDCFE6}"
EndProject
Project("{2150E333-8FDC-42A3-9474-1A3956D46DE8}") = "Shared", "Shared", "{E081244F-D044-493F-A835-370ADFEDB8A6}"
EndProject
Project("{FAE04EC0-301F-11D3-BF4B-00C04F79EFBC}") = "Api", "Bootstrapper\Api\Api.csproj", "{6F8F19F1-9331-49D2-9F87-BC4170C788C4}"
EndProject
Global
	GlobalSection(SolutionConfigurationPlatforms) = preSolution
		Debug|Any CPU = Debug|Any CPU
		Release|Any CPU = Release|Any CPU
	EndGlobalSection
	GlobalSection(ProjectConfigurationPlatforms) = postSolution
		{6F8F19F1-9331-49D2-9F87-BC4170C788C4}.Debug|Any CPU.ActiveCfg = Debug|Any CPU
		{6F8F19F1-9331-49D2-9F87-BC4170C788C4}.Debug|Any CPU.Build.0 = Debug|Any CPU
		{6F8F19F1-9331-49D2-9F87-BC4170C788C4}.Release|Any CPU.ActiveCfg = Release|Any CPU
		{6F8F19F1-9331-49D2-9F87-BC4170C788C4}.Release|Any CPU.Build.0 = Release|Any CPU
	EndGlobalSection
	GlobalSection(SolutionProperties) = preSolution
		HideSolutionNode = FALSE
	EndGlobalSection
	GlobalSection(NestedProjects) = preSolution
		{6F8F19F1-9331-49D2-9F87-BC4170C788C4} = {7B72D6E1-83D3-48CC-91BB-ED047260675A}
	EndGlobalSection
EndGlobal
